
Microsoft Visual Studio Solution File, Format Version 12.00
# Visual Studio Version 16
VisualStudioVersion = 16.0.30503.244
MinimumVisualStudioVersion = 10.0.40219.1
Project("{FAE04EC0-301F-11D3-BF4B-00C04F79EFBC}") = "Console3", "Console3.csproj", "{F1A8854B-3D53-456C-9066-17D28FF7DAD8}"
EndProject
Global
	GlobalSection(SolutionConfigurationPlatforms) = preSolution
		Debug|Any CPU = Debug|Any CPU
		Release|Any CPU = Release|Any CPU
	EndGlobalSection
	GlobalSection(ProjectConfigurationPlatforms) = postSolution
		{F1A8854B-3D53-456C-9066-17D28FF7DAD8}.Debug|Any CPU.ActiveCfg = Debug|Any CPU
		{F1A8854B-3D53-456C-9066-17D28FF7DAD8}.Debug|Any CPU.Build.0 = Debug|Any CPU
		{F1A8854B-3D53-456C-9066-17D28FF7DAD8}.Release|Any CPU.ActiveCfg = Release|Any CPU
		{F1A8854B-3D53-456C-9066-17D28FF7DAD8}.Release|Any CPU.Build.0 = Release|Any CPU
	EndGlobalSection
	GlobalSection(SolutionProperties) = preSolution
		HideSolutionNode = FALSE
	EndGlobalSection
	GlobalSection(ExtensibilityGlobals) = postSolution
		SolutionGuid = {ED38A91C-9662-4799-BF67-4BA5716269C4}
	EndGlobalSection
EndGlobal
